
Microsoft Visual Studio Solution File, Format Version 12.00
# Visual Studio Version 17
VisualStudioVersion = 17.2.32616.157
MinimumVisualStudioVersion = 10.0.40219.1
Project("{FAE04EC0-301F-11D3-BF4B-00C04F79EFBC}") = "WorkManager31", "WorkManager31\WorkManager31.csproj", "{2A3015C3-4F3A-443D-A9A1-25C9379400D4}"
EndProject
Global
	GlobalSection(SolutionConfigurationPlatforms) = preSolution
		Debug|Any CPU = Debug|Any CPU
		Release|Any CPU = Release|Any CPU
	EndGlobalSection
	GlobalSection(ProjectConfigurationPlatforms) = postSolution
		{2A3015C3-4F3A-443D-A9A1-25C9379400D4}.Debug|Any CPU.ActiveCfg = Debug|Any CPU
		{2A3015C3-4F3A-443D-A9A1-25C9379400D4}.Debug|Any CPU.Build.0 = Debug|Any CPU
		{2A3015C3-4F3A-443D-A9A1-25C9379400D4}.Release|Any CPU.ActiveCfg = Release|Any CPU
		{2A3015C3-4F3A-443D-A9A1-25C9379400D4}.Release|Any CPU.Build.0 = Release|Any CPU
	EndGlobalSection
	GlobalSection(SolutionProperties) = preSolution
		HideSolutionNode = FALSE
	EndGlobalSection
	GlobalSection(ExtensibilityGlobals) = postSolution
		SolutionGuid = {8E31B936-6D70-408A-9FD2-39DEE0098BAE}
	EndGlobalSection
EndGlobal
